// !$*UTF8*$!
{
	archiveVersion = 1;
	classes = {
	};
	objectVersion = 46;
	objects = {

/* Begin PBXBuildFile section */
		799A6E191D3ACD4B00F9AD0C /* main.c in Sources */ = {isa = PBXBuildFile; fileRef = 799A6E181D3ACD4B00F9AD0C /* main.c */; };
/* End PBXBuildFile section */

/* Begin PBXCopyFilesBuildPhase section */
		799A6E131D3ACD4B00F9AD0C /* CopyFiles */ = {
			isa = PBXCopyFilesBuildPhase;
			buildActionMask = 2147483647;
			dstPath = /usr/share/man/man1/;
			dstSubfolderSpec = 0;
			files = (
			);
			runOnlyForDeploymentPostprocessing = 1;
		};
/* End PBXCopyFilesBuildPhase section */

/* Begin PBXFileReference section */
		799A6E151D3ACD4B00F9AD0C /* hmwk2 */ = {isa = PBXFileReference; explicitFileType = "compiled.mach-o.executable"; includeInIndex = 0; path = hmwk2; sourceTree = BUILT_PRODUCTS_DIR; };
		799A6E181D3ACD4B00F9AD0C /* main.c */ = {isa = PBXFileReference; lastKnownFileType = sourcecode.c.c; path = main.c; sourceTree = "<group>"; };
/* End PBXFileReference section */

/* Begin PBXFrameworksBuildPhase section */
		799A6E121D3ACD4B00F9AD0C /* Frameworks */ = {
			isa = PBXFrameworksBuildPhase;
			buildActionMask = 2147483647;
			files = (
			);
			runOnlyForDeploymentPostprocessing = 0;
		};
/* End PBXFrameworksBuildPhase section */

/* Begin PBXGroup section */
		799A6E0C1D3ACD4B00F9AD0C = {
			isa = PBXGroup;
			children = (
				799A6E171D3ACD4B00F9AD0C /* hmwk2 */,
				799A6E161D3ACD4B00F9AD0C /* Products */,
			);
			sourceTree = "<group>";
		};
		799A6E161D3ACD4B00F9AD0C /* Products */ = {
			isa = PBXGroup;
			children = (
				799A6E151D3ACD4B00F9AD0C /* hmwk2 */,
			);
			name = Products;
			sourceTree = "<group>";
		};
		799A6E171D3ACD4B00F9AD0C /* hmwk2 */ = {
			isa = PBXGroup;
			children = (
				799A6E181D3ACD4B00F9AD0C /* main.c */,
			);
			path = hmwk2;
			sourceTree = "<group>";
		};
/* End PBXGroup section */

/* Begin PBXNativeTarget section */
		799A6E141D3ACD4B00F9AD0C /* hmwk2 */ = {
			isa = PBXNativeTarget;
			buildConfigurationList = 799A6E1C1D3ACD4B00F9AD0C /* Build configuration list for PBXNativeTarget "hmwk2" */;
			buildPhases = (
				799A6E111D3ACD4B00F9AD0C /* Sources */,
				799A6E121D3ACD4B00F9AD0C /* Frameworks */,
				799A6E131D3ACD4B00F9AD0C /* CopyFiles */,
			);
			buildRules = (
			);
			dependencies = (
			);
			name = hmwk2;
			productName = hmwk2;
			productReference = 799A6E151D3ACD4B00F9AD0C /* hmwk2 */;
			productType = "com.apple.product-type.tool";
		};
/* End PBXNativeTarget section */

/* Begin PBXProject section */
		799A6E0D1D3ACD4B00F9AD0C /* Project object */ = {
			isa = PBXProject;
			attributes = {
				LastUpgradeCheck = 0730;
				ORGANIZATIONNAME = "Richard Oman";
				TargetAttributes = {
					799A6E141D3ACD4B00F9AD0C = {
						CreatedOnToolsVersion = 7.3.1;
					};
				};
			};
			buildConfigurationList = 799A6E101D3ACD4B00F9AD0C /* Build configuration list for PBXProject "hmwk2" */;
			compatibilityVersion = "Xcode 3.2";
			developmentRegion = English;
			hasScannedForEncodings = 0;
			knownRegions = (
				en,
			);
			mainGroup = 799A6E0C1D3ACD4B00F9AD0C;
			productRefGroup = 799A6E161D3ACD4B00F9AD0C /* Products */;
			projectDirPath = "";
			projectRoot = "";
			targets = (
				799A6E141D3ACD4B00F9AD0C /* hmwk2 */,
			);
		};
/* End PBXProject section */

/* Begin PBXSourcesBuildPhase section */
		799A6E111D3ACD4B00F9AD0C /* Sources */ = {
			isa = PBXSourcesBuildPhase;
			buildActionMask = 2147483647;
			files = (
				799A6E191D3ACD4B00F9AD0C /* main.c in Sources */,
			);
			runOnlyForDeploymentPostprocessing = 0;
		};
/* End PBXSourcesBuildPhase section */

/* Begin XCBuildConfiguration section */
		799A6E1A1D3ACD4B00F9AD0C /* Debug */ = {
			isa = XCBuildConfiguration;
			buildSettings = {
				ALWAYS_SEARCH_USER_PATHS = NO;
				CLANG_ANALYZER_NONNULL = YES;
				CLANG_CXX_LANGUAGE_STANDARD = "gnu++0x";
				CLANG_CXX_LIBRARY = "libc++";
				CLANG_ENABLE_MODULES = YES;
				CLANG_ENABLE_OBJC_ARC = YES;
				CLANG_WARN_BOOL_CONVERSION = YES;
				CLANG_WARN_CONSTANT_CONVERSION = YES;
				CLANG_WARN_DIRECT_OBJC_ISA_USAGE = YES_ERROR;
				CLANG_WARN_EMPTY_BODY = YES;
				CLANG_WARN_ENUM_CONVERSION = YES;
				CLANG_WARN_INT_CONVERSION = YES;
				CLANG_WARN_OBJC_ROOT_CLASS = YES_ERROR;
				CLANG_WARN_UNREACHABLE_CODE = YES;
				CLANG_WARN__DUPLICATE_METHOD_MATCH = YES;
				CODE_SIGN_IDENTITY = "-";
				COPY_PHASE_STRIP = NO;
				DEBUG_INFORMATION_FORMAT = dwarf;
				ENABLE_STRICT_OBJC_MSGSEND = YES;
				ENABLE_TESTABILITY = YES;
				GCC_C_LANGUAGE_STANDARD = gnu99;
				GCC_DYNAMIC_NO_PIC = NO;
				GCC_NO_COMMON_BLOCKS = YES;
				GCC_OPTIMIZATION_LEVEL = 0;
				GCC_PREPROCESSOR_DEFINITIONS = (
					"DEBUG=1",
					"$(inherited)",
				);
				GCC_WARN_64_TO_32_BIT_CONVERSION = YES;
				GCC_WARN_ABOUT_RETURN_TYPE = YES_ERROR;
				GCC_WARN_UNDECLARED_SELECTOR = YES;
				GCC_WARN_UNINITIALIZED_AUTOS = YES_AGGRESSIVE;
				GCC_WARN_UNUSED_FUNCTION = YES;
				GCC_WARN_UNUSED_VARIABLE = YES;
				MACOSX_DEPLOYMENT_TARGET = 10.12;
				MTL_ENABLE_DEBUG_INFO = YES;
				ONLY_ACTIVE_ARCH = YES;
				SDKROOT = macosx;
			};
			name = Debug;
		};
		799A6E1B1D3ACD4B00F9AD0C /* Release */ = {
			isa = XCBuildConfiguration;
			buildSettings = {
				ALWAYS_SEARCH_USER_PATHS = NO;
				CLANG_ANALYZER_NONNULL = YES;
				CLANG_CXX_LANGUAGE_STANDARD = "gnu++0x";
				CLANG_CXX_LIBRARY = "libc++";
				CLANG_ENABLE_MODULES = YES;
				CLANG_ENABLE_OBJC_ARC = YES;
				CLANG_WARN_BOOL_CONVERSION = YES;
				CLANG_WARN_CONSTANT_CONVERSION = YES;
				CLANG_WARN_DIRECT_OBJC_ISA_USAGE = YES_ERROR;
				CLANG_WARN_EMPTY_BODY = YES;
				CLANG_WARN_ENUM_CONVERSION = YES;
				CLANG_WARN_INT_CONVERSION = YES;
				CLANG_WARN_OBJC_ROOT_CLASS = YES_ERROR;
				CLANG_WARN_UNREACHABLE_CODE = YES;
				CLANG_WARN__DUPLICATE_METHOD_MATCH = YES;
				CODE_SIGN_IDENTITY = "-";
				COPY_PHASE_STRIP = NO;
				DEBUG_INFORMATION_FORMAT = "dwarf-with-dsym";
				ENABLE_NS_ASSERTIONS = NO;
				ENABLE_STRICT_OBJC_MSGSEND = YES;
				GCC_C_LANGUAGE_STANDARD = gnu99;
				GCC_NO_COMMON_BLOCKS = YES;
				GCC_WARN_64_TO_32_BIT_CONVERSION = YES;
				GCC_WARN_ABOUT_RETURN_TYPE = YES_ERROR;
				GCC_WARN_UNDECLARED_SELECTOR = YES;
				GCC_WARN_UNINITIALIZED_AUTOS = YES_AGGRESSIVE;
				GCC_WARN_UNUSED_FUNCTION = YES;
				GCC_WARN_UNUSED_VARIABLE = YES;
				MACOSX_DEPLOYMENT_TARGET = 10.12;
				MTL_ENABLE_DEBUG_INFO = NO;
				SDKROOT = macosx;
			};
			name = Release;
		};
		799A6E1D1D3ACD4B00F9AD0C /* Debug */ = {
			isa = XCBuildConfiguration;
			buildSettings = {
				PRODUCT_NAME = "$(TARGET_NAME)";
			};
			name = Debug;
		};
		799A6E1E1D3ACD4B00F9AD0C /* Release */ = {
			isa = XCBuildConfiguration;
			buildSettings = {
				PRODUCT_NAME = "$(TARGET_NAME)";
			};
			name = Release;
		};
/* End XCBuildConfiguration section */

/* Begin XCConfigurationList section */
		799A6E101D3ACD4B00F9AD0C /* Build configuration list for PBXProject "hmwk2" */ = {
			isa = XCConfigurationList;
			buildConfigurations = (
				799A6E1A1D3ACD4B00F9AD0C /* Debug */,
				799A6E1B1D3ACD4B00F9AD0C /* Release */,
			);
			defaultConfigurationIsVisible = 0;
			defaultConfigurationName = Release;
		};
		799A6E1C1D3ACD4B00F9AD0C /* Build configuration list for PBXNativeTarget "hmwk2" */ = {
			isa = XCConfigurationList;
			buildConfigurations = (
				799A6E1D1D3ACD4B00F9AD0C /* Debug */,
				799A6E1E1D3ACD4B00F9AD0C /* Release */,
			);
			defaultConfigurationIsVisible = 0;
		};
/* End XCConfigurationList section */
	};
	rootObject = 799A6E0D1D3ACD4B00F9AD0C /* Project object */;
}
